
Microsoft Visual Studio Solution File, Format Version 12.00
# Visual Studio Version 17
VisualStudioVersion = 17.12.35707.178
MinimumVisualStudioVersion = 10.0.40219.1
Project("{FAE04EC0-301F-11D3-BF4B-00C04F79EFBC}") = "SprutDcsModule", "SprutDcsModule\SprutDcsModule.csproj", "{486D0E24-F024-4998-A561-046BDF503C6E}"
EndProject
Project("{FAE04EC0-301F-11D3-BF4B-00C04F79EFBC}") = "SprutDcsModule.SampleConsole", "SprutDcsModule.SampleConsole\SprutDcsModule.SampleConsole.csproj", "{22FBCF0D-F2D7-44CF-B7E1-E709638D43A2}"
EndProject
Global
	GlobalSection(SolutionConfigurationPlatforms) = preSolution
		Debug|Any CPU = Debug|Any CPU
		Release|Any CPU = Release|Any CPU
	EndGlobalSection
	GlobalSection(ProjectConfigurationPlatforms) = postSolution
		{486D0E24-F024-4998-A561-046BDF503C6E}.Debug|Any CPU.ActiveCfg = Debug|Any CPU
		{486D0E24-F024-4998-A561-046BDF503C6E}.Debug|Any CPU.Build.0 = Debug|Any CPU
		{486D0E24-F024-4998-A561-046BDF503C6E}.Release|Any CPU.ActiveCfg = Release|Any CPU
		{486D0E24-F024-4998-A561-046BDF503C6E}.Release|Any CPU.Build.0 = Release|Any CPU
		{22FBCF0D-F2D7-44CF-B7E1-E709638D43A2}.Debug|Any CPU.ActiveCfg = Debug|Any CPU
		{22FBCF0D-F2D7-44CF-B7E1-E709638D43A2}.Debug|Any CPU.Build.0 = Debug|Any CPU
		{22FBCF0D-F2D7-44CF-B7E1-E709638D43A2}.Release|Any CPU.ActiveCfg = Release|Any CPU
		{22FBCF0D-F2D7-44CF-B7E1-E709638D43A2}.Release|Any CPU.Build.0 = Release|Any CPU
	EndGlobalSection
	GlobalSection(SolutionProperties) = preSolution
		HideSolutionNode = FALSE
	EndGlobalSection
	GlobalSection(ExtensibilityGlobals) = postSolution
		SolutionGuid = {A3F4E397-F290-44FE-844A-9B5C11A7506C}
	EndGlobalSection
EndGlobal
